// !$*UTF8*$!
{
	archiveVersion = 1;
	classes = {
	};
	objectVersion = 55;
	objects = {

/* Begin PBXBuildFile section */
		8B1FB093270CBC7800AD3177 /* LandmarkRow.swift in Sources */ = {isa = PBXBuildFile; fileRef = 8B1FB092270CBC7800AD3177 /* LandmarkRow.swift */; };
		8B1FB097270CC24900AD3177 /* README.md in Resources */ = {isa = PBXBuildFile; fileRef = 8B1FB096270CC24900AD3177 /* README.md */; };
		8B1FB099270CC2DB00AD3177 /* LandmarkList.swift in Sources */ = {isa = PBXBuildFile; fileRef = 8B1FB098270CC2DB00AD3177 /* LandmarkList.swift */; };
		8B1FB09B270CC3A100AD3177 /* LandmarkDetail.swift in Sources */ = {isa = PBXBuildFile; fileRef = 8B1FB09A270CC3A100AD3177 /* LandmarkDetail.swift */; };
		8B25D4B9271F1C0E00624932 /* landmarkData.json in Resources */ = {isa = PBXBuildFile; fileRef = 8B25D4B8271F1C0E00624932 /* landmarkData.json */; };
		8B25D4BB272015B700624932 /* FavoriteButton.swift in Sources */ = {isa = PBXBuildFile; fileRef = 8B25D4BA272015B700624932 /* FavoriteButton.swift */; };
		8B918273270B2B50004FC66F /* LandmarksApp.swift in Sources */ = {isa = PBXBuildFile; fileRef = 8B918272270B2B50004FC66F /* LandmarksApp.swift */; };
		8B918275270B2B50004FC66F /* ContentView.swift in Sources */ = {isa = PBXBuildFile; fileRef = 8B918274270B2B50004FC66F /* ContentView.swift */; };
		8B918277270B2B52004FC66F /* Assets.xcassets in Resources */ = {isa = PBXBuildFile; fileRef = 8B918276270B2B52004FC66F /* Assets.xcassets */; };
		8B91827A270B2B52004FC66F /* Preview Assets.xcassets in Resources */ = {isa = PBXBuildFile; fileRef = 8B918279270B2B52004FC66F /* Preview Assets.xcassets */; };
		8B918281270B6120004FC66F /* CircleImage.swift in Sources */ = {isa = PBXBuildFile; fileRef = 8B918280270B6120004FC66F /* CircleImage.swift */; };
		8B918283270B6240004FC66F /* MapView.swift in Sources */ = {isa = PBXBuildFile; fileRef = 8B918282270B6240004FC66F /* MapView.swift */; };
		8B918287270B6977004FC66F /* Landmark.swift in Sources */ = {isa = PBXBuildFile; fileRef = 8B918286270B6977004FC66F /* Landmark.swift */; };
		8B918289270B6C02004FC66F /* ModelData.swift in Sources */ = {isa = PBXBuildFile; fileRef = 8B918288270B6C02004FC66F /* ModelData.swift */; };
/* End PBXBuildFile section */

/* Begin PBXFileReference section */
		8B1FB092270CBC7800AD3177 /* LandmarkRow.swift */ = {isa = PBXFileReference; lastKnownFileType = sourcecode.swift; path = LandmarkRow.swift; sourceTree = "<group>"; };
		8B1FB096270CC24900AD3177 /* README.md */ = {isa = PBXFileReference; fileEncoding = 4; lastKnownFileType = net.daringfireball.markdown; path = README.md; sourceTree = "<group>"; };
		8B1FB098270CC2DB00AD3177 /* LandmarkList.swift */ = {isa = PBXFileReference; lastKnownFileType = sourcecode.swift; path = LandmarkList.swift; sourceTree = "<group>"; };
		8B1FB09A270CC3A100AD3177 /* LandmarkDetail.swift */ = {isa = PBXFileReference; lastKnownFileType = sourcecode.swift; path = LandmarkDetail.swift; sourceTree = "<group>"; };
		8B25D4B8271F1C0E00624932 /* landmarkData.json */ = {isa = PBXFileReference; fileEncoding = 4; lastKnownFileType = text.json; path = landmarkData.json; sourceTree = "<group>"; };
		8B25D4BA272015B700624932 /* FavoriteButton.swift */ = {isa = PBXFileReference; lastKnownFileType = sourcecode.swift; path = FavoriteButton.swift; sourceTree = "<group>"; };
		8B91826F270B2B50004FC66F /* Landmarks.app */ = {isa = PBXFileReference; explicitFileType = wrapper.application; includeInIndex = 0; path = Landmarks.app; sourceTree = BUILT_PRODUCTS_DIR; };
		8B918272270B2B50004FC66F /* LandmarksApp.swift */ = {isa = PBXFileReference; lastKnownFileType = sourcecode.swift; path = LandmarksApp.swift; sourceTree = "<group>"; };
		8B918274270B2B50004FC66F /* ContentView.swift */ = {isa = PBXFileReference; lastKnownFileType = sourcecode.swift; path = ContentView.swift; sourceTree = "<group>"; };
		8B918276270B2B52004FC66F /* Assets.xcassets */ = {isa = PBXFileReference; lastKnownFileType = folder.assetcatalog; path = Assets.xcassets; sourceTree = "<group>"; };
		8B918279270B2B52004FC66F /* Preview Assets.xcassets */ = {isa = PBXFileReference; lastKnownFileType = folder.assetcatalog; path = "Preview Assets.xcassets"; sourceTree = "<group>"; };
		8B918280270B6120004FC66F /* CircleImage.swift */ = {isa = PBXFileReference; lastKnownFileType = sourcecode.swift; path = CircleImage.swift; sourceTree = "<group>"; };
		8B918282270B6240004FC66F /* MapView.swift */ = {isa = PBXFileReference; lastKnownFileType = sourcecode.swift; path = MapView.swift; sourceTree = "<group>"; };
		8B918286270B6977004FC66F /* Landmark.swift */ = {isa = PBXFileReference; lastKnownFileType = sourcecode.swift; path = Landmark.swift; sourceTree = "<group>"; };
		8B918288270B6C02004FC66F /* ModelData.swift */ = {isa = PBXFileReference; lastKnownFileType = sourcecode.swift; path = ModelData.swift; sourceTree = "<group>"; };
/* End PBXFileReference section */

/* Begin PBXFrameworksBuildPhase section */
		8B91826C270B2B50004FC66F /* Frameworks */ = {
			isa = PBXFrameworksBuildPhase;
			buildActionMask = 2147483647;
			files = (
			);
			runOnlyForDeploymentPostprocessing = 0;
		};
/* End PBXFrameworksBuildPhase section */

/* Begin PBXGroup section */
		8B1FB08F270CBBCA00AD3177 /* Views */ = {
			isa = PBXGroup;
			children = (
				8B918274270B2B50004FC66F /* ContentView.swift */,
				8B25D4BD272016CE00624932 /* Helpers */,
				8B25D4BC272016B900624932 /* Landmarks */,
			);
			path = Views;
			sourceTree = "<group>";
		};
		8B1FB090270CBBE300AD3177 /* Resources */ = {
			isa = PBXGroup;
			children = (
				8B25D4B8271F1C0E00624932 /* landmarkData.json */,
			);
			path = Resources;
			sourceTree = "<group>";
		};
		8B1FB091270CBC0A00AD3177 /* Model */ = {
			isa = PBXGroup;
			children = (
				8B918286270B6977004FC66F /* Landmark.swift */,
				8B918288270B6C02004FC66F /* ModelData.swift */,
			);
			path = Model;
			sourceTree = "<group>";
		};
		8B25D4BC272016B900624932 /* Landmarks */ = {
			isa = PBXGroup;
			children = (
				8B1FB092270CBC7800AD3177 /* LandmarkRow.swift */,
				8B1FB098270CC2DB00AD3177 /* LandmarkList.swift */,
				8B1FB09A270CC3A100AD3177 /* LandmarkDetail.swift */,
			);
			path = Landmarks;
			sourceTree = "<group>";
		};
		8B25D4BD272016CE00624932 /* Helpers */ = {
			isa = PBXGroup;
			children = (
				8B918280270B6120004FC66F /* CircleImage.swift */,
				8B918282270B6240004FC66F /* MapView.swift */,
				8B25D4BA272015B700624932 /* FavoriteButton.swift */,
			);
			path = Helpers;
			sourceTree = "<group>";
		};
		8B918266270B2B50004FC66F = {
			isa = PBXGroup;
			children = (
				8B1FB096270CC24900AD3177 /* README.md */,
				8B918271270B2B50004FC66F /* Landmarks */,
				8B918270270B2B50004FC66F /* Products */,
			);
			sourceTree = "<group>";
		};
		8B918270270B2B50004FC66F /* Products */ = {
			isa = PBXGroup;
			children = (
				8B91826F270B2B50004FC66F /* Landmarks.app */,
			);
			name = Products;
			sourceTree = "<group>";
		};
		8B918271270B2B50004FC66F /* Landmarks */ = {
			isa = PBXGroup;
			children = (
				8B918272270B2B50004FC66F /* LandmarksApp.swift */,
				8B1FB08F270CBBCA00AD3177 /* Views */,
				8B1FB091270CBC0A00AD3177 /* Model */,
				8B1FB090270CBBE300AD3177 /* Resources */,
				8B918276270B2B52004FC66F /* Assets.xcassets */,
				8B918278270B2B52004FC66F /* Preview Content */,
			);
			path = Landmarks;
			sourceTree = "<group>";
		};
		8B918278270B2B52004FC66F /* Preview Content */ = {
			isa = PBXGroup;
			children = (
				8B918279270B2B52004FC66F /* Preview Assets.xcassets */,
			);
			path = "Preview Content";
			sourceTree = "<group>";
		};
/* End PBXGroup section */

/* Begin PBXNativeTarget section */
		8B91826E270B2B50004FC66F /* Landmarks */ = {
			isa = PBXNativeTarget;
			buildConfigurationList = 8B91827D270B2B52004FC66F /* Build configuration list for PBXNativeTarget "Landmarks" */;
			buildPhases = (
				8B91826B270B2B50004FC66F /* Sources */,
				8B91826C270B2B50004FC66F /* Frameworks */,
				8B91826D270B2B50004FC66F /* Resources */,
			);
			buildRules = (
			);
			dependencies = (
			);
			name = Landmarks;
			productName = Landmarks;
			productReference = 8B91826F270B2B50004FC66F /* Landmarks.app */;
			productType = "com.apple.product-type.application";
		};
/* End PBXNativeTarget section */

/* Begin PBXProject section */
		8B918267270B2B50004FC66F /* Project object */ = {
			isa = PBXProject;
			attributes = {
				BuildIndependentTargetsInParallel = 1;
				LastSwiftUpdateCheck = 1300;
				LastUpgradeCheck = 1300;
				TargetAttributes = {
					8B91826E270B2B50004FC66F = {
						CreatedOnToolsVersion = 13.0;
					};
				};
			};
			buildConfigurationList = 8B91826A270B2B50004FC66F /* Build configuration list for PBXProject "Landmarks" */;
			compatibilityVersion = "Xcode 13.0";
			developmentRegion = en;
			hasScannedForEncodings = 0;
			knownRegions = (
				en,
				Base,
			);
			mainGroup = 8B918266270B2B50004FC66F;
			productRefGroup = 8B918270270B2B50004FC66F /* Products */;
			projectDirPath = "";
			projectRoot = "";
			targets = (
				8B91826E270B2B50004FC66F /* Landmarks */,
			);
		};
/* End PBXProject section */

/* Begin PBXResourcesBuildPhase section */
		8B91826D270B2B50004FC66F /* Resources */ = {
			isa = PBXResourcesBuildPhase;
			buildActionMask = 2147483647;
			files = (
				8B91827A270B2B52004FC66F /* Preview Assets.xcassets in Resources */,
				8B25D4B9271F1C0E00624932 /* landmarkData.json in Resources */,
				8B918277270B2B52004FC66F /* Assets.xcassets in Resources */,
				8B1FB097270CC24900AD3177 /* README.md in Resources */,
			);
			runOnlyForDeploymentPostprocessing = 0;
		};
/* End PBXResourcesBuildPhase section */

/* Begin PBXSourcesBuildPhase section */
		8B91826B270B2B50004FC66F /* Sources */ = {
			isa = PBXSourcesBuildPhase;
			buildActionMask = 2147483647;
			files = (
				8B918275270B2B50004FC66F /* ContentView.swift in Sources */,
				8B918283270B6240004FC66F /* MapView.swift in Sources */,
				8B918273270B2B50004FC66F /* LandmarksApp.swift in Sources */,
				8B25D4BB272015B700624932 /* FavoriteButton.swift in Sources */,
				8B1FB099270CC2DB00AD3177 /* LandmarkList.swift in Sources */,
				8B1FB09B270CC3A100AD3177 /* LandmarkDetail.swift in Sources */,
				8B918281270B6120004FC66F /* CircleImage.swift in Sources */,
				8B918287270B6977004FC66F /* Landmark.swift in Sources */,
				8B1FB093270CBC7800AD3177 /* LandmarkRow.swift in Sources */,
				8B918289270B6C02004FC66F /* ModelData.swift in Sources */,
			);
			runOnlyForDeploymentPostprocessing = 0;
		};
/* End PBXSourcesBuildPhase section */

/* Begin XCBuildConfiguration section */
		8B91827B270B2B52004FC66F /* Debug */ = {
			isa = XCBuildConfiguration;
			buildSettings = {
				ALWAYS_SEARCH_USER_PATHS = NO;
				CLANG_ANALYZER_NONNULL = YES;
				CLANG_ANALYZER_NUMBER_OBJECT_CONVERSION = YES_AGGRESSIVE;
				CLANG_CXX_LANGUAGE_STANDARD = "gnu++17";
				CLANG_CXX_LIBRARY = "libc++";
				CLANG_ENABLE_MODULES = YES;
				CLANG_ENABLE_OBJC_ARC = YES;
				CLANG_ENABLE_OBJC_WEAK = YES;
				CLANG_WARN_BLOCK_CAPTURE_AUTORELEASING = YES;
				CLANG_WARN_BOOL_CONVERSION = YES;
				CLANG_WARN_COMMA = YES;
				CLANG_WARN_CONSTANT_CONVERSION = YES;
				CLANG_WARN_DEPRECATED_OBJC_IMPLEMENTATIONS = YES;
				CLANG_WARN_DIRECT_OBJC_ISA_USAGE = YES_ERROR;
				CLANG_WARN_DOCUMENTATION_COMMENTS = YES;
				CLANG_WARN_EMPTY_BODY = YES;
				CLANG_WARN_ENUM_CONVERSION = YES;
				CLANG_WARN_INFINITE_RECURSION = YES;
				CLANG_WARN_INT_CONVERSION = YES;
				CLANG_WARN_NON_LITERAL_NULL_CONVERSION = YES;
				CLANG_WARN_OBJC_IMPLICIT_RETAIN_SELF = YES;
				CLANG_WARN_OBJC_LITERAL_CONVERSION = YES;
				CLANG_WARN_OBJC_ROOT_CLASS = YES_ERROR;
				CLANG_WARN_QUOTED_INCLUDE_IN_FRAMEWORK_HEADER = YES;
				CLANG_WARN_RANGE_LOOP_ANALYSIS = YES;
				CLANG_WARN_STRICT_PROTOTYPES = YES;
				CLANG_WARN_SUSPICIOUS_MOVE = YES;
				CLANG_WARN_UNGUARDED_AVAILABILITY = YES_AGGRESSIVE;
				CLANG_WARN_UNREACHABLE_CODE = YES;
				CLANG_WARN__DUPLICATE_METHOD_MATCH = YES;
				COPY_PHASE_STRIP = NO;
				DEBUG_INFORMATION_FORMAT = dwarf;
				ENABLE_STRICT_OBJC_MSGSEND = YES;
				ENABLE_TESTABILITY = YES;
				GCC_C_LANGUAGE_STANDARD = gnu11;
				GCC_DYNAMIC_NO_PIC = NO;
				GCC_NO_COMMON_BLOCKS = YES;
				GCC_OPTIMIZATION_LEVEL = 0;
				GCC_PREPROCESSOR_DEFINITIONS = (
					"DEBUG=1",
					"$(inherited)",
				);
				GCC_WARN_64_TO_32_BIT_CONVERSION = YES;
				GCC_WARN_ABOUT_RETURN_TYPE = YES_ERROR;
				GCC_WARN_UNDECLARED_SELECTOR = YES;
				GCC_WARN_UNINITIALIZED_AUTOS = YES_AGGRESSIVE;
				GCC_WARN_UNUSED_FUNCTION = YES;
				GCC_WARN_UNUSED_VARIABLE = YES;
				IPHONEOS_DEPLOYMENT_TARGET = 15.0;
				MTL_ENABLE_DEBUG_INFO = INCLUDE_SOURCE;
				MTL_FAST_MATH = YES;
				ONLY_ACTIVE_ARCH = YES;
				SDKROOT = iphoneos;
				SWIFT_ACTIVE_COMPILATION_CONDITIONS = DEBUG;
				SWIFT_OPTIMIZATION_LEVEL = "-Onone";
			};
			name = Debug;
		};
		8B91827C270B2B52004FC66F /* Release */ = {
			isa = XCBuildConfiguration;
			buildSettings = {
				ALWAYS_SEARCH_USER_PATHS = NO;
				CLANG_ANALYZER_NONNULL = YES;
				CLANG_ANALYZER_NUMBER_OBJECT_CONVERSION = YES_AGGRESSIVE;
				CLANG_CXX_LANGUAGE_STANDARD = "gnu++17";
				CLANG_CXX_LIBRARY = "libc++";
				CLANG_ENABLE_MODULES = YES;
				CLANG_ENABLE_OBJC_ARC = YES;
				CLANG_ENABLE_OBJC_WEAK = YES;
				CLANG_WARN_BLOCK_CAPTURE_AUTORELEASING = YES;
				CLANG_WARN_BOOL_CONVERSION = YES;
				CLANG_WARN_COMMA = YES;
				CLANG_WARN_CONSTANT_CONVERSION = YES;
				CLANG_WARN_DEPRECATED_OBJC_IMPLEMENTATIONS = YES;
				CLANG_WARN_DIRECT_OBJC_ISA_USAGE = YES_ERROR;
				CLANG_WARN_DOCUMENTATION_COMMENTS = YES;
				CLANG_WARN_EMPTY_BODY = YES;
				CLANG_WARN_ENUM_CONVERSION = YES;
				CLANG_WARN_INFINITE_RECURSION = YES;
				CLANG_WARN_INT_CONVERSION = YES;
				CLANG_WARN_NON_LITERAL_NULL_CONVERSION = YES;
				CLANG_WARN_OBJC_IMPLICIT_RETAIN_SELF = YES;
				CLANG_WARN_OBJC_LITERAL_CONVERSION = YES;
				CLANG_WARN_OBJC_ROOT_CLASS = YES_ERROR;
				CLANG_WARN_QUOTED_INCLUDE_IN_FRAMEWORK_HEADER = YES;
				CLANG_WARN_RANGE_LOOP_ANALYSIS = YES;
				CLANG_WARN_STRICT_PROTOTYPES = YES;
				CLANG_WARN_SUSPICIOUS_MOVE = YES;
				CLANG_WARN_UNGUARDED_AVAILABILITY = YES_AGGRESSIVE;
				CLANG_WARN_UNREACHABLE_CODE = YES;
				CLANG_WARN__DUPLICATE_METHOD_MATCH = YES;
				COPY_PHASE_STRIP = NO;
				DEBUG_INFORMATION_FORMAT = "dwarf-with-dsym";
				ENABLE_NS_ASSERTIONS = NO;
				ENABLE_STRICT_OBJC_MSGSEND = YES;
				GCC_C_LANGUAGE_STANDARD = gnu11;
				GCC_NO_COMMON_BLOCKS = YES;
				GCC_WARN_64_TO_32_BIT_CONVERSION = YES;
				GCC_WARN_ABOUT_RETURN_TYPE = YES_ERROR;
				GCC_WARN_UNDECLARED_SELECTOR = YES;
				GCC_WARN_UNINITIALIZED_AUTOS = YES_AGGRESSIVE;
				GCC_WARN_UNUSED_FUNCTION = YES;
				GCC_WARN_UNUSED_VARIABLE = YES;
				IPHONEOS_DEPLOYMENT_TARGET = 15.0;
				MTL_ENABLE_DEBUG_INFO = NO;
				MTL_FAST_MATH = YES;
				SDKROOT = iphoneos;
				SWIFT_COMPILATION_MODE = wholemodule;
				SWIFT_OPTIMIZATION_LEVEL = "-O";
				VALIDATE_PRODUCT = YES;
			};
			name = Release;
		};
		8B91827E270B2B52004FC66F /* Debug */ = {
			isa = XCBuildConfiguration;
			buildSettings = {
				ASSETCATALOG_COMPILER_APPICON_NAME = AppIcon;
				ASSETCATALOG_COMPILER_GLOBAL_ACCENT_COLOR_NAME = AccentColor;
				CODE_SIGN_STYLE = Automatic;
				CURRENT_PROJECT_VERSION = 1;
				DEVELOPMENT_ASSET_PATHS = "\"Landmarks/Preview Content\"";
				DEVELOPMENT_TEAM = R55SB7N5G9;
				ENABLE_PREVIEWS = YES;
				GENERATE_INFOPLIST_FILE = YES;
				INFOPLIST_KEY_UIApplicationSceneManifest_Generation = YES;
				INFOPLIST_KEY_UIApplicationSupportsIndirectInputEvents = YES;
				INFOPLIST_KEY_UILaunchScreen_Generation = YES;
				INFOPLIST_KEY_UISupportedInterfaceOrientations_iPad = "UIInterfaceOrientationPortrait UIInterfaceOrientationPortraitUpsideDown UIInterfaceOrientationLandscapeLeft UIInterfaceOrientationLandscapeRight";
				INFOPLIST_KEY_UISupportedInterfaceOrientations_iPhone = "UIInterfaceOrientationPortrait UIInterfaceOrientationLandscapeLeft UIInterfaceOrientationLandscapeRight";
				IPHONEOS_DEPLOYMENT_TARGET = 14.0;
				LD_RUNPATH_SEARCH_PATHS = (
					"$(inherited)",
					"@executable_path/Frameworks",
				);
				MARKETING_VERSION = 1.0;
				PRODUCT_BUNDLE_IDENTIFIER = dev.slashapp.Landmarks;
				PRODUCT_NAME = "$(TARGET_NAME)";
				SWIFT_EMIT_LOC_STRINGS = YES;
				SWIFT_VERSION = 5.0;
				TARGETED_DEVICE_FAMILY = "1,2";
			};
			name = Debug;
		};
		8B91827F270B2B52004FC66F /* Release */ = {
			isa = XCBuildConfiguration;
			buildSettings = {
				ASSETCATALOG_COMPILER_APPICON_NAME = AppIcon;
				ASSETCATALOG_COMPILER_GLOBAL_ACCENT_COLOR_NAME = AccentColor;
				CODE_SIGN_STYLE = Automatic;
				CURRENT_PROJECT_VERSION = 1;
				DEVELOPMENT_ASSET_PATHS = "\"Landmarks/Preview Content\"";
				DEVELOPMENT_TEAM = R55SB7N5G9;
				ENABLE_PREVIEWS = YES;
				GENERATE_INFOPLIST_FILE = YES;
				INFOPLIST_KEY_UIApplicationSceneManifest_Generation = YES;
				INFOPLIST_KEY_UIApplicationSupportsIndirectInputEvents = YES;
				INFOPLIST_KEY_UILaunchScreen_Generation = YES;
				INFOPLIST_KEY_UISupportedInterfaceOrientations_iPad = "UIInterfaceOrientationPortrait UIInterfaceOrientationPortraitUpsideDown UIInterfaceOrientationLandscapeLeft UIInterfaceOrientationLandscapeRight";
				INFOPLIST_KEY_UISupportedInterfaceOrientations_iPhone = "UIInterfaceOrientationPortrait UIInterfaceOrientationLandscapeLeft UIInterfaceOrientationLandscapeRight";
				IPHONEOS_DEPLOYMENT_TARGET = 14.0;
				LD_RUNPATH_SEARCH_PATHS = (
					"$(inherited)",
					"@executable_path/Frameworks",
				);
				MARKETING_VERSION = 1.0;
				PRODUCT_BUNDLE_IDENTIFIER = dev.slashapp.Landmarks;
				PRODUCT_NAME = "$(TARGET_NAME)";
				SWIFT_EMIT_LOC_STRINGS = YES;
				SWIFT_VERSION = 5.0;
				TARGETED_DEVICE_FAMILY = "1,2";
			};
			name = Release;
		};
/* End XCBuildConfiguration section */

/* Begin XCConfigurationList section */
		8B91826A270B2B50004FC66F /* Build configuration list for PBXProject "Landmarks" */ = {
			isa = XCConfigurationList;
			buildConfigurations = (
				8B91827B270B2B52004FC66F /* Debug */,
				8B91827C270B2B52004FC66F /* Release */,
			);
			defaultConfigurationIsVisible = 0;
			defaultConfigurationName = Release;
		};
		8B91827D270B2B52004FC66F /* Build configuration list for PBXNativeTarget "Landmarks" */ = {
			isa = XCConfigurationList;
			buildConfigurations = (
				8B91827E270B2B52004FC66F /* Debug */,
				8B91827F270B2B52004FC66F /* Release */,
			);
			defaultConfigurationIsVisible = 0;
			defaultConfigurationName = Release;
		};
/* End XCConfigurationList section */
	};
	rootObject = 8B918267270B2B50004FC66F /* Project object */;
}
